version: 5
environments:
  default:
    channels:
    - url: https://conda.anaconda.org/conda-forge/
    packages:
      linux-64:
      - conda: https://conda.anaconda.org/conda-forge/linux-64/_libgcc_mutex-0.1-conda_forge.tar.bz2
      - conda: https://conda.anaconda.org/conda-forge/linux-64/_openmp_mutex-4.5-2_gnu.tar.bz2
      - conda: https://conda.anaconda.org/conda-forge/linux-64/aws-c-auth-0.7.22-h9137712_5.conda
      - conda: https://conda.anaconda.org/conda-forge/linux-64/aws-c-cal-0.6.15-h88a6e22_0.conda
      - conda: https://conda.anaconda.org/conda-forge/linux-64/aws-c-common-0.9.19-h4ab18f5_0.conda
      - conda: https://conda.anaconda.org/conda-forge/linux-64/aws-c-compression-0.2.18-h83b837d_6.conda
      - conda: https://conda.anaconda.org/conda-forge/linux-64/aws-c-event-stream-0.4.2-h0cbf018_13.conda
      - conda: https://conda.anaconda.org/conda-forge/linux-64/aws-c-http-0.8.2-h360477d_2.conda
      - conda: https://conda.anaconda.org/conda-forge/linux-64/aws-c-io-0.14.9-h2d549f9_2.conda
      - conda: https://conda.anaconda.org/conda-forge/linux-64/aws-c-mqtt-0.10.4-hf85b563_6.conda
      - conda: https://conda.anaconda.org/conda-forge/linux-64/aws-c-s3-0.5.10-h679ed35_3.conda
      - conda: https://conda.anaconda.org/conda-forge/linux-64/aws-c-sdkutils-0.1.16-h83b837d_2.conda
      - conda: https://conda.anaconda.org/conda-forge/linux-64/aws-checksums-0.1.18-h83b837d_6.conda
      - conda: https://conda.anaconda.org/conda-forge/linux-64/awscli-2.17.18-py312h7900ff3_0.conda
      - conda: https://conda.anaconda.org/conda-forge/linux-64/awscrt-0.20.10-py312h6bae88a_6.conda
      - conda: https://conda.anaconda.org/conda-forge/linux-64/brotli-python-1.1.0-py312h30efb56_1.conda
      - conda: https://conda.anaconda.org/conda-forge/linux-64/bzip2-1.0.8-h4bc722e_7.conda
      - conda: https://conda.anaconda.org/conda-forge/linux-64/ca-certificates-2024.7.4-hbcca054_0.conda
      - conda: https://conda.anaconda.org/conda-forge/linux-64/cffi-1.16.0-py312hf06ca03_0.conda
      - conda: https://conda.anaconda.org/conda-forge/noarch/colorama-0.4.6-pyhd8ed1ab_0.tar.bz2
      - conda: https://conda.anaconda.org/conda-forge/linux-64/cryptography-40.0.1-py312h241aef2_1.conda
      - conda: https://conda.anaconda.org/conda-forge/noarch/distro-1.8.0-pyhd8ed1ab_0.conda
      - conda: https://conda.anaconda.org/conda-forge/linux-64/docutils-0.17.1-py312h7900ff3_5.conda
      - conda: https://conda.anaconda.org/conda-forge/noarch/duckdb-1.0.0-hd8ed1ab_0.conda
      - conda: https://conda.anaconda.org/conda-forge/noarch/jmespath-1.0.1-pyhd8ed1ab_0.tar.bz2
      - conda: https://conda.anaconda.org/conda-forge/linux-64/ld_impl_linux-64-2.40-hf3520f5_7.conda
      - conda: https://conda.anaconda.org/conda-forge/linux-64/libexpat-2.6.2-h59595ed_0.conda
      - conda: https://conda.anaconda.org/conda-forge/linux-64/libffi-3.4.2-h7f98852_5.tar.bz2
      - conda: https://conda.anaconda.org/conda-forge/linux-64/libgcc-ng-14.1.0-h77fa898_0.conda
      - conda: https://conda.anaconda.org/conda-forge/linux-64/libgomp-14.1.0-h77fa898_0.conda
      - conda: https://conda.anaconda.org/conda-forge/linux-64/libnsl-2.0.1-hd590300_0.conda
      - conda: https://conda.anaconda.org/conda-forge/linux-64/libsqlite-3.46.0-hde9e2c9_0.conda
      - conda: https://conda.anaconda.org/conda-forge/linux-64/libstdcxx-ng-14.1.0-hc0a3c3a_0.conda
      - conda: https://conda.anaconda.org/conda-forge/linux-64/libuuid-2.38.1-h0b41bf4_0.conda
      - conda: https://conda.anaconda.org/conda-forge/linux-64/libxcrypt-4.4.36-hd590300_1.conda
      - conda: https://conda.anaconda.org/conda-forge/linux-64/libzlib-1.3.1-h4ab18f5_1.conda
      - conda: https://conda.anaconda.org/conda-forge/linux-64/ncurses-6.5-h59595ed_0.conda
      - conda: https://conda.anaconda.org/conda-forge/linux-64/openssl-3.3.1-h4bc722e_2.conda
      - conda: https://conda.anaconda.org/conda-forge/noarch/prompt-toolkit-3.0.38-pyha770c72_0.conda
      - conda: https://conda.anaconda.org/conda-forge/noarch/prompt_toolkit-3.0.38-hd8ed1ab_0.conda
      - conda: https://conda.anaconda.org/conda-forge/noarch/pycparser-2.22-pyhd8ed1ab_0.conda
      - conda: https://conda.anaconda.org/conda-forge/noarch/pyopenssl-23.1.1-pyhd8ed1ab_0.conda
      - conda: https://conda.anaconda.org/conda-forge/noarch/pysocks-1.7.1-pyha2e5f31_6.tar.bz2
      - conda: https://conda.anaconda.org/conda-forge/linux-64/python-3.12.4-h194c7f8_0_cpython.conda
      - conda: https://conda.anaconda.org/conda-forge/noarch/python-dateutil-2.8.2-pyhd8ed1ab_0.tar.bz2
      - conda: https://conda.anaconda.org/conda-forge/linux-64/python-duckdb-1.0.0-py312hca68cad_0.conda
      - conda: https://conda.anaconda.org/conda-forge/linux-64/python_abi-3.12-4_cp312.conda
      - conda: https://conda.anaconda.org/conda-forge/linux-64/readline-8.2-h8228510_1.conda
      - conda: https://conda.anaconda.org/conda-forge/linux-64/ruamel.yaml-0.17.17-py312h98912ed_2.conda
      - conda: https://conda.anaconda.org/conda-forge/linux-64/ruamel.yaml.clib-0.2.7-py312h98912ed_2.conda
      - conda: https://conda.anaconda.org/conda-forge/linux-64/s2n-1.4.16-he19d79f_0.conda
      - conda: https://conda.anaconda.org/conda-forge/noarch/setuptools-71.0.4-pyhd8ed1ab_0.conda
      - conda: https://conda.anaconda.org/conda-forge/noarch/six-1.16.0-pyh6c4a22f_0.tar.bz2
      - conda: https://conda.anaconda.org/conda-forge/linux-64/tk-8.6.13-noxft_h4845f30_101.conda
      - conda: https://conda.anaconda.org/conda-forge/noarch/tzdata-2024a-h0c530f3_0.conda
      - conda: https://conda.anaconda.org/conda-forge/noarch/urllib3-1.26.19-pyhd8ed1ab_0.conda
      - conda: https://conda.anaconda.org/conda-forge/noarch/wcwidth-0.2.13-pyhd8ed1ab_0.conda
      - conda: https://conda.anaconda.org/conda-forge/linux-64/xz-5.2.6-h166bdaf_0.tar.bz2
packages:
- kind: conda
  name: _libgcc_mutex
  version: '0.1'
  build: conda_forge
  subdir: linux-64
  url: https://conda.anaconda.org/conda-forge/linux-64/_libgcc_mutex-0.1-conda_forge.tar.bz2
  sha256: fe51de6107f9edc7aa4f786a70f4a883943bc9d39b3bb7307c04c41410990726
  md5: d7c89558ba9fa0495403155b64376d81
  license: None
  size: 2562
  timestamp: 1578324546067
- kind: conda
  name: _openmp_mutex
  version: '4.5'
  build: 2_gnu
  build_number: 16
  subdir: linux-64
  url: https://conda.anaconda.org/conda-forge/linux-64/_openmp_mutex-4.5-2_gnu.tar.bz2
  sha256: fbe2c5e56a653bebb982eda4876a9178aedfc2b545f25d0ce9c4c0b508253d22
  md5: 73aaf86a425cc6e73fcf236a5a46396d
  depends:
  - _libgcc_mutex 0.1 conda_forge
  - libgomp >=7.5.0
  constrains:
  - openmp_impl 9999
  license: BSD-3-Clause
  license_family: BSD
  size: 23621
  timestamp: 1650670423406
- kind: conda
  name: aws-c-auth
  version: 0.7.22
  build: h9137712_5
  build_number: 5
  subdir: linux-64
  url: https://conda.anaconda.org/conda-forge/linux-64/aws-c-auth-0.7.22-h9137712_5.conda
  sha256: 73dad41addd1f020865e031d701910cc3141a7cc8ac9675a4c0e1832c92a91e5
  md5: ea86de440f848596543ff58030e5272d
  depends:
  - aws-c-cal >=0.6.15,<0.6.16.0a0
  - aws-c-common >=0.9.19,<0.9.20.0a0
  - aws-c-http >=0.8.2,<0.8.3.0a0
  - aws-c-io >=0.14.9,<0.14.10.0a0
  - aws-c-sdkutils >=0.1.16,<0.1.17.0a0
  - libgcc-ng >=12
  license: Apache-2.0
  license_family: Apache
  size: 105732
  timestamp: 1717733759599
- kind: conda
  name: aws-c-cal
  version: 0.6.15
  build: h88a6e22_0
  subdir: linux-64
  url: https://conda.anaconda.org/conda-forge/linux-64/aws-c-cal-0.6.15-h88a6e22_0.conda
  sha256: 7b7734efa1c3cadb5917967ef84a9b643579d148958b225a78cda3ff893891e0
  md5: 50eabf107100f8f929bc3246ea63fa08
  depends:
  - aws-c-common >=0.9.19,<0.9.20.0a0
  - libgcc-ng >=12
  - openssl >=3.3.0,<4.0a0
  license: Apache-2.0
  license_family: Apache
  size: 46684
  timestamp: 1717037217309
- kind: conda
  name: aws-c-common
  version: 0.9.19
  build: h4ab18f5_0
  subdir: linux-64
  url: https://conda.anaconda.org/conda-forge/linux-64/aws-c-common-0.9.19-h4ab18f5_0.conda
  sha256: 96aa405ae28b8b55ec4731c135f38ce9b856d0596f32cedfbe5c62513b0f2dad
  md5: c6dedd5eab2236f4abb59ade9fb7fd44
  depends:
  - libgcc-ng >=12
  license: Apache-2.0
  license_family: Apache
  size: 226460
  timestamp: 1715416709353
- kind: conda
  name: aws-c-compression
  version: 0.2.18
  build: h83b837d_6
  build_number: 6
  subdir: linux-64
  url: https://conda.anaconda.org/conda-forge/linux-64/aws-c-compression-0.2.18-h83b837d_6.conda
  sha256: 468b9a95e6a2dda5e7a567228e0cf70d015a2300e3d73a88244be47f7d4f48e1
  md5: 3e572eacd0ce99a59e1bb9c260ad5b20
  depends:
  - aws-c-common >=0.9.19,<0.9.20.0a0
  - libgcc-ng >=12
  license: Apache-2.0
  license_family: Apache
  size: 19261
  timestamp: 1716147034590
- kind: conda
  name: aws-c-event-stream
  version: 0.4.2
  build: h0cbf018_13
  build_number: 13
  subdir: linux-64
  url: https://conda.anaconda.org/conda-forge/linux-64/aws-c-event-stream-0.4.2-h0cbf018_13.conda
  sha256: e31e900a565ea64237bf96f89b663fab87e2d2d48443068cc10a8464109db18a
  md5: 15351eccac4eda2b5fd38bbbdae78bdf
  depends:
  - aws-c-common >=0.9.19,<0.9.20.0a0
  - aws-c-io >=0.14.9,<0.14.10.0a0
  - aws-checksums >=0.1.18,<0.1.19.0a0
  - libgcc-ng >=12
  - libstdcxx-ng >=12
  license: Apache-2.0
  license_family: Apache
  size: 53808
  timestamp: 1717710140317
- kind: conda
  name: aws-c-http
  version: 0.8.2
  build: h360477d_2
  build_number: 2
  subdir: linux-64
  url: https://conda.anaconda.org/conda-forge/linux-64/aws-c-http-0.8.2-h360477d_2.conda
  sha256: edf0bbf4df11567d9cacb9e3ff71e6e3127a323844df54379bd727e1ded69bc7
  md5: a820cb648906f7f30076c66dd46b1790
  depends:
  - aws-c-cal >=0.6.15,<0.6.16.0a0
  - aws-c-common >=0.9.19,<0.9.20.0a0
  - aws-c-compression >=0.2.18,<0.2.19.0a0
  - aws-c-io >=0.14.9,<0.14.10.0a0
  - libgcc-ng >=12
  license: Apache-2.0
  license_family: Apache
  size: 194917
  timestamp: 1717716196543
- kind: conda
  name: aws-c-io
  version: 0.14.9
  build: h2d549f9_2
  build_number: 2
  subdir: linux-64
  url: https://conda.anaconda.org/conda-forge/linux-64/aws-c-io-0.14.9-h2d549f9_2.conda
  sha256: 2a6720be3183ca8256b64ffa36bbb07d197316821f016b0eaf76e5f2104356b8
  md5: 5a828631479163d88e419fd6841139c4
  depends:
  - aws-c-cal >=0.6.15,<0.6.16.0a0
  - aws-c-common >=0.9.19,<0.9.20.0a0
  - libgcc-ng >=12
  - s2n >=1.4.16,<1.4.17.0a0
  license: Apache-2.0
  license_family: Apache
  size: 158364
  timestamp: 1717701855206
- kind: conda
  name: aws-c-mqtt
  version: 0.10.4
  build: hf85b563_6
  build_number: 6
  subdir: linux-64
  url: https://conda.anaconda.org/conda-forge/linux-64/aws-c-mqtt-0.10.4-hf85b563_6.conda
  sha256: 9ac7eb966e58e9c0c2f8cf74523de827a8ff74cba0d0c6cbe0416d24d8d32598
  md5: 845ddce9934691f5c34ad13d7313ba29
  depends:
  - aws-c-common >=0.9.19,<0.9.20.0a0
  - aws-c-http >=0.8.2,<0.8.3.0a0
  - aws-c-io >=0.14.9,<0.14.10.0a0
  - libgcc-ng >=12
  license: Apache-2.0
  license_family: Apache
  size: 164316
  timestamp: 1717725611725
- kind: conda
  name: aws-c-s3
  version: 0.5.10
  build: h679ed35_3
  build_number: 3
  subdir: linux-64
  url: https://conda.anaconda.org/conda-forge/linux-64/aws-c-s3-0.5.10-h679ed35_3.conda
  sha256: b11b0e9ef68bb42a8b50e6ee165bb30659694faaf123641a8e01d9fa09c4a1b2
  md5: 8cb40f80d08389f6aaf68cf86581ed02
  depends:
  - aws-c-auth >=0.7.22,<0.7.23.0a0
  - aws-c-cal >=0.6.15,<0.6.16.0a0
  - aws-c-common >=0.9.19,<0.9.20.0a0
  - aws-c-http >=0.8.2,<0.8.3.0a0
  - aws-c-io >=0.14.9,<0.14.10.0a0
  - aws-checksums >=0.1.18,<0.1.19.0a0
  - libgcc-ng >=12
  - openssl >=3.3.1,<4.0a0
  license: Apache-2.0
  license_family: Apache
  size: 109694
  timestamp: 1717751305348
- kind: conda
  name: aws-c-sdkutils
  version: 0.1.16
  build: h83b837d_2
  build_number: 2
  subdir: linux-64
  url: https://conda.anaconda.org/conda-forge/linux-64/aws-c-sdkutils-0.1.16-h83b837d_2.conda
  sha256: d5b350ca00f175866c2a5ef011270496a5061b39bd272a48d3e54ac06f3d890c
  md5: f40c698b4ea90f7fedd187c6639c818b
  depends:
  - aws-c-common >=0.9.19,<0.9.20.0a0
  - libgcc-ng >=12
  license: Apache-2.0
  license_family: Apache
  size: 54959
  timestamp: 1716153596343
- kind: conda
  name: aws-checksums
  version: 0.1.18
  build: h83b837d_6
  build_number: 6
  subdir: linux-64
  url: https://conda.anaconda.org/conda-forge/linux-64/aws-checksums-0.1.18-h83b837d_6.conda
  sha256: abd21f4d0e34e96538673be11d834360693748d17024d27c4054cf1ebd97069e
  md5: 7995cb937bdac5913c8904fed6b3729d
  depends:
  - aws-c-common >=0.9.19,<0.9.20.0a0
  - libgcc-ng >=12
  license: Apache-2.0
  license_family: Apache
  size: 50080
  timestamp: 1716153618603
- kind: conda
  name: awscli
  version: 2.17.18
  build: py312h7900ff3_0
  subdir: linux-64
  url: https://conda.anaconda.org/conda-forge/linux-64/awscli-2.17.18-py312h7900ff3_0.conda
  sha256: 9c1e7e102706a785d0f9621c9d51aba2e6d8a9b21d43205a1151234d94e54e0b
  md5: 2677941d0e40b6a8493763c6b3357813
  depends:
  - awscrt >=0.19.18,<=0.20.11
  - colorama >=0.2.5,<0.4.7
  - cryptography >=3.3.2,<=40.0.2
  - distro >=1.5.0,<1.9.0
  - docutils >=0.10,<0.20
  - jmespath >=0.7.1,<1.1.0
  - prompt_toolkit >=3.0.24,<3.0.39
  - pyopenssl <23.2
  - python >=3.12,<3.13.0a0
  - python-dateutil >=2.1,<=2.8.2
  - python_abi 3.12.* *_cp312
  - ruamel.yaml >=0.15.0,<=0.17.21
  - ruamel.yaml.clib >=0.2.0,<=0.2.7
  - urllib3 >=1.25.4,<1.27
  license: Apache-2.0
  size: 12418039
  timestamp: 1721979554269
- kind: conda
  name: awscrt
  version: 0.20.10
  build: py312h6bae88a_6
  build_number: 6
  subdir: linux-64
  url: https://conda.anaconda.org/conda-forge/linux-64/awscrt-0.20.10-py312h6bae88a_6.conda
  sha256: e76fedb6c8c9a859f7143677e905be549ddbb534a1ce2896ef85d0c86136cdad
  md5: 5780c5169edcf3c283005aefb1a1511d
  depends:
  - aws-c-auth >=0.7.22,<0.7.23.0a0
  - aws-c-cal >=0.6.15,<0.6.16.0a0
  - aws-c-common >=0.9.19,<0.9.20.0a0
  - aws-c-event-stream >=0.4.2,<0.4.3.0a0
  - aws-c-http >=0.8.2,<0.8.3.0a0
  - aws-c-io >=0.14.9,<0.14.10.0a0
  - aws-c-mqtt >=0.10.4,<0.10.5.0a0
  - aws-c-s3 >=0.5.10,<0.5.11.0a0
  - aws-checksums >=0.1.18,<0.1.19.0a0
  - libgcc-ng >=12
  - python >=3.12,<3.13.0a0
  - python_abi 3.12.* *_cp312
  - s2n >=1.4.16,<1.4.17.0a0
  license: Apache-2.0
  license_family: APACHE
  size: 194501
  timestamp: 1717765431135
- kind: conda
  name: brotli-python
  version: 1.1.0
  build: py312h30efb56_1
  build_number: 1
  subdir: linux-64
  url: https://conda.anaconda.org/conda-forge/linux-64/brotli-python-1.1.0-py312h30efb56_1.conda
  sha256: b68706698b6ac0d31196a8bcb061f0d1f35264bcd967ea45e03e108149a74c6f
  md5: 45801a89533d3336a365284d93298e36
  depends:
  - libgcc-ng >=12
  - libstdcxx-ng >=12
  - python >=3.12.0rc3,<3.13.0a0
  - python_abi 3.12.* *_cp312
  constrains:
  - libbrotlicommon 1.1.0 hd590300_1
  license: MIT
  license_family: MIT
  size: 350604
  timestamp: 1695990206327
- kind: conda
  name: bzip2
  version: 1.0.8
  build: h4bc722e_7
  build_number: 7
  subdir: linux-64
  url: https://conda.anaconda.org/conda-forge/linux-64/bzip2-1.0.8-h4bc722e_7.conda
  sha256: 5ced96500d945fb286c9c838e54fa759aa04a7129c59800f0846b4335cee770d
  md5: 62ee74e96c5ebb0af99386de58cf9553
  depends:
  - __glibc >=2.17,<3.0.a0
  - libgcc-ng >=12
  license: bzip2-1.0.6
  license_family: BSD
  size: 252783
  timestamp: 1720974456583
- kind: conda
  name: ca-certificates
  version: 2024.7.4
  build: hbcca054_0
  subdir: linux-64
  url: https://conda.anaconda.org/conda-forge/linux-64/ca-certificates-2024.7.4-hbcca054_0.conda
  sha256: c1548a3235376f464f9931850b64b02492f379b2f2bb98bc786055329b080446
  md5: 23ab7665c5f63cfb9f1f6195256daac6
  license: ISC
  size: 154853
  timestamp: 1720077432978
- kind: conda
  name: cffi
  version: 1.16.0
  build: py312hf06ca03_0
  subdir: linux-64
  url: https://conda.anaconda.org/conda-forge/linux-64/cffi-1.16.0-py312hf06ca03_0.conda
  sha256: 5a36e2c254603c367d26378fa3a205bd92263e30acf195f488749562b4c44251
  md5: 56b0ca764ce23cc54f3f7e2a7b970f6d
  depends:
  - libffi >=3.4,<4.0a0
  - libgcc-ng >=12
  - pycparser
  - python >=3.12.0rc3,<3.13.0a0
  - python_abi 3.12.* *_cp312
  license: MIT
  license_family: MIT
  size: 294523
  timestamp: 1696001868949
- kind: conda
  name: colorama
  version: 0.4.6
  build: pyhd8ed1ab_0
  subdir: noarch
  noarch: python
  url: https://conda.anaconda.org/conda-forge/noarch/colorama-0.4.6-pyhd8ed1ab_0.tar.bz2
  sha256: 2c1b2e9755ce3102bca8d69e8f26e4f087ece73f50418186aee7c74bef8e1698
  md5: 3faab06a954c2a04039983f2c4a50d99
  depends:
  - python >=3.7
  license: BSD-3-Clause
  license_family: BSD
  size: 25170
  timestamp: 1666700778190
- kind: conda
  name: cryptography
  version: 40.0.1
  build: py312h241aef2_1
  build_number: 1
  subdir: linux-64
  url: https://conda.anaconda.org/conda-forge/linux-64/cryptography-40.0.1-py312h241aef2_1.conda
  sha256: 6a947157bee083746ff8be805f60f8830251ab13eaba5b5c2f42a98b9ca48f27
  md5: a7aa4d84b6f6553b6d0b08c42d73f41f
  depends:
  - cffi >=1.12
  - libgcc-ng >=12
  - openssl >=3.1.4,<4.0a0
  - python >=3.12,<3.13.0a0
  - python_abi 3.12.* *_cp312
  license: Apache-2.0 AND BSD-3-Clause AND PSF-2.0 AND MIT
  license_family: BSD
  size: 1605115
  timestamp: 1700045568824
- kind: conda
  name: distro
  version: 1.8.0
  build: pyhd8ed1ab_0
  subdir: noarch
  noarch: python
  url: https://conda.anaconda.org/conda-forge/noarch/distro-1.8.0-pyhd8ed1ab_0.conda
  sha256: 0d01c4da6d4f0a935599210f82ac0630fa9aeb4fc37cbbc78043a932a39ec4f3
  md5: 67999c5465064480fa8016d00ac768f6
  depends:
  - python >=3.6
  license: Apache-2.0
  license_family: APACHE
  size: 40854
  timestamp: 1675116355989
- kind: conda
  name: docutils
  version: 0.17.1
  build: py312h7900ff3_5
  build_number: 5
  subdir: linux-64
  url: https://conda.anaconda.org/conda-forge/linux-64/docutils-0.17.1-py312h7900ff3_5.conda
  sha256: 08579633226e26efe07e17b00053902e308e0207be06d0727fde47c75d3b6696
  md5: 95272f48d93f9417c22fd14f30bfb995
  depends:
  - python >=3.12,<3.13.0a0
  - python_abi 3.12.* *_cp312
  license: CC-PDDC AND BSD-3-Clause AND BSD-2-Clause AND ZPL-2.1
  size: 929566
  timestamp: 1713293455024
- kind: conda
  name: duckdb
  version: 1.0.0
  build: hd8ed1ab_0
  subdir: noarch
  noarch: generic
  url: https://conda.anaconda.org/conda-forge/noarch/duckdb-1.0.0-hd8ed1ab_0.conda
  sha256: 368dab03b51ac9a084c79918449652deaef59029a5f4d942d9bf7101ad1f9f55
  md5: 4ff8d9fb8309f6305d5f9c651fa25bf3
  depends:
  - python-duckdb >=1.0.0,<1.0.1.0a0
  license: MIT
  license_family: MIT
  size: 7850
  timestamp: 1717686359276
- kind: conda
  name: jmespath
  version: 1.0.1
  build: pyhd8ed1ab_0
  subdir: noarch
  noarch: python
  url: https://conda.anaconda.org/conda-forge/noarch/jmespath-1.0.1-pyhd8ed1ab_0.tar.bz2
  sha256: 95ac5f9ee95fd4e34dc051746fc86016d3d4f6abefed113e2ede049d59ec2991
  md5: 2cfa3e1cf3fb51bb9b17acc5b5e9ea11
  depends:
  - python >=3.7
  license: MIT
  license_family: MIT
  size: 21003
  timestamp: 1655568358125
- kind: conda
  name: ld_impl_linux-64
  version: '2.40'
  build: hf3520f5_7
  build_number: 7
  subdir: linux-64
  url: https://conda.anaconda.org/conda-forge/linux-64/ld_impl_linux-64-2.40-hf3520f5_7.conda
  sha256: 764b6950aceaaad0c67ef925417594dd14cd2e22fff864aeef455ac259263d15
  md5: b80f2f396ca2c28b8c14c437a4ed1e74
  constrains:
  - binutils_impl_linux-64 2.40
  license: GPL-3.0-only
  license_family: GPL
  size: 707602
  timestamp: 1718625640445
- kind: conda
  name: libexpat
  version: 2.6.2
  build: h59595ed_0
  subdir: linux-64
  url: https://conda.anaconda.org/conda-forge/linux-64/libexpat-2.6.2-h59595ed_0.conda
  sha256: 331bb7c7c05025343ebd79f86ae612b9e1e74d2687b8f3179faec234f986ce19
  md5: e7ba12deb7020dd080c6c70e7b6f6a3d
  depends:
  - libgcc-ng >=12
  constrains:
  - expat 2.6.2.*
  license: MIT
  license_family: MIT
  size: 73730
  timestamp: 1710362120304
- kind: conda
  name: libffi
  version: 3.4.2
  build: h7f98852_5
  build_number: 5
  subdir: linux-64
  url: https://conda.anaconda.org/conda-forge/linux-64/libffi-3.4.2-h7f98852_5.tar.bz2
  sha256: ab6e9856c21709b7b517e940ae7028ae0737546122f83c2aa5d692860c3b149e
  md5: d645c6d2ac96843a2bfaccd2d62b3ac3
  depends:
  - libgcc-ng >=9.4.0
  license: MIT
  license_family: MIT
  size: 58292
  timestamp: 1636488182923
- kind: conda
  name: libgcc-ng
  version: 14.1.0
  build: h77fa898_0
  subdir: linux-64
  url: https://conda.anaconda.org/conda-forge/linux-64/libgcc-ng-14.1.0-h77fa898_0.conda
  sha256: b8e869ac96591cda2704bf7e77a301025e405227791a0bddf14a3dac65125538
  md5: ca0fad6a41ddaef54a153b78eccb5037
  depends:
  - _libgcc_mutex 0.1 conda_forge
  - _openmp_mutex >=4.5
  constrains:
  - libgomp 14.1.0 h77fa898_0
  license: GPL-3.0-only WITH GCC-exception-3.1
  license_family: GPL
  size: 842109
  timestamp: 1719538896937
- kind: conda
  name: libgomp
  version: 14.1.0
  build: h77fa898_0
  subdir: linux-64
  url: https://conda.anaconda.org/conda-forge/linux-64/libgomp-14.1.0-h77fa898_0.conda
  sha256: 7699df61a1f6c644b3576a40f54791561f2845983120477a16116b951c9cdb05
  md5: ae061a5ed5f05818acdf9adab72c146d
  depends:
  - _libgcc_mutex 0.1 conda_forge
  license: GPL-3.0-only WITH GCC-exception-3.1
  license_family: GPL
  size: 456925
  timestamp: 1719538796073
- kind: conda
  name: libnsl
  version: 2.0.1
  build: hd590300_0
  subdir: linux-64
  url: https://conda.anaconda.org/conda-forge/linux-64/libnsl-2.0.1-hd590300_0.conda
  sha256: 26d77a3bb4dceeedc2a41bd688564fe71bf2d149fdcf117049970bc02ff1add6
  md5: 30fd6e37fe21f86f4bd26d6ee73eeec7
  depends:
  - libgcc-ng >=12
  license: LGPL-2.1-only
  license_family: GPL
  size: 33408
  timestamp: 1697359010159
- kind: conda
  name: libsqlite
  version: 3.46.0
  build: hde9e2c9_0
  subdir: linux-64
  url: https://conda.anaconda.org/conda-forge/linux-64/libsqlite-3.46.0-hde9e2c9_0.conda
  sha256: daee3f68786231dad457d0dfde3f7f1f9a7f2018adabdbb864226775101341a8
  md5: 18aa975d2094c34aef978060ae7da7d8
  depends:
  - libgcc-ng >=12
  - libzlib >=1.2.13,<2.0a0
  license: Unlicense
  size: 865346
  timestamp: 1718050628718
- kind: conda
  name: libstdcxx-ng
  version: 14.1.0
  build: hc0a3c3a_0
  subdir: linux-64
  url: https://conda.anaconda.org/conda-forge/linux-64/libstdcxx-ng-14.1.0-hc0a3c3a_0.conda
  sha256: 88c42b388202ffe16adaa337e36cf5022c63cf09b0405cf06fc6aeacccbe6146
  md5: 1cb187a157136398ddbaae90713e2498
  depends:
  - libgcc-ng 14.1.0 h77fa898_0
  license: GPL-3.0-only WITH GCC-exception-3.1
  license_family: GPL
  size: 3881307
  timestamp: 1719538923443
- kind: conda
  name: libuuid
  version: 2.38.1
  build: h0b41bf4_0
  subdir: linux-64
  url: https://conda.anaconda.org/conda-forge/linux-64/libuuid-2.38.1-h0b41bf4_0.conda
  sha256: 787eb542f055a2b3de553614b25f09eefb0a0931b0c87dbcce6efdfd92f04f18
  md5: 40b61aab5c7ba9ff276c41cfffe6b80b
  depends:
  - libgcc-ng >=12
  license: BSD-3-Clause
  license_family: BSD
  size: 33601
  timestamp: 1680112270483
- kind: conda
  name: libxcrypt
  version: 4.4.36
  build: hd590300_1
  build_number: 1
  subdir: linux-64
  url: https://conda.anaconda.org/conda-forge/linux-64/libxcrypt-4.4.36-hd590300_1.conda
  sha256: 6ae68e0b86423ef188196fff6207ed0c8195dd84273cb5623b85aa08033a410c
  md5: 5aa797f8787fe7a17d1b0821485b5adc
  depends:
  - libgcc-ng >=12
  license: LGPL-2.1-or-later
  size: 100393
  timestamp: 1702724383534
- kind: conda
  name: libzlib
  version: 1.3.1
  build: h4ab18f5_1
  build_number: 1
  subdir: linux-64
  url: https://conda.anaconda.org/conda-forge/linux-64/libzlib-1.3.1-h4ab18f5_1.conda
  sha256: adf6096f98b537a11ae3729eaa642b0811478f0ea0402ca67b5108fe2cb0010d
  md5: 57d7dc60e9325e3de37ff8dffd18e814
  depends:
  - libgcc-ng >=12
  constrains:
  - zlib 1.3.1 *_1
  license: Zlib
  license_family: Other
  size: 61574
  timestamp: 1716874187109
- kind: conda
  name: ncurses
  version: '6.5'
  build: h59595ed_0
  subdir: linux-64
  url: https://conda.anaconda.org/conda-forge/linux-64/ncurses-6.5-h59595ed_0.conda
  sha256: 4fc3b384f4072b68853a0013ea83bdfd3d66b0126e2238e1d6e1560747aa7586
  md5: fcea371545eda051b6deafb24889fc69
  depends:
  - libgcc-ng >=12
  license: X11 AND BSD-3-Clause
  size: 887465
  timestamp: 1715194722503
- kind: conda
  name: openssl
  version: 3.3.1
  build: h4bc722e_2
  build_number: 2
  subdir: linux-64
  url: https://conda.anaconda.org/conda-forge/linux-64/openssl-3.3.1-h4bc722e_2.conda
  sha256: b294b3cc706ad1048cdb514f0db3da9f37ae3fcc0c53a7104083dd0918adb200
  md5: e1b454497f9f7c1147fdde4b53f1b512
  depends:
  - __glibc >=2.17,<3.0.a0
  - ca-certificates
  - libgcc-ng >=12
  constrains:
  - pyopenssl >=22.1
  license: Apache-2.0
  license_family: Apache
  size: 2895213
  timestamp: 1721194688955
- kind: conda
  name: prompt-toolkit
  version: 3.0.38
  build: pyha770c72_0
  subdir: noarch
  noarch: python
  url: https://conda.anaconda.org/conda-forge/noarch/prompt-toolkit-3.0.38-pyha770c72_0.conda
  sha256: 78c2f3c6195ec350d7d6e5fa3e43274ca8191c181c97a867e2920faaeec0e9bc
  md5: 59ba1bf8ea558751a0d391249a248765
  depends:
  - python >=3.7
  - wcwidth
  constrains:
  - prompt_toolkit 3.0.38
  license: BSD-3-Clause
  license_family: BSD
  size: 269375
  timestamp: 1677601102637
- kind: conda
  name: prompt_toolkit
  version: 3.0.38
  build: hd8ed1ab_0
  subdir: noarch
  noarch: generic
  url: https://conda.anaconda.org/conda-forge/noarch/prompt_toolkit-3.0.38-hd8ed1ab_0.conda
  sha256: c0f24a75d27918eb33f86902aa6024783d128a89eb3a169bcb22f24163a422b3
  md5: 45b74f64d8808eda7e6f6e6b1d641fd2
  depends:
  - prompt-toolkit >=3.0.38,<3.0.39.0a0
  license: BSD-3-Clause
  license_family: BSD
  size: 6402
  timestamp: 1677601110741
- kind: conda
  name: pycparser
  version: '2.22'
  build: pyhd8ed1ab_0
  subdir: noarch
  noarch: python
  url: https://conda.anaconda.org/conda-forge/noarch/pycparser-2.22-pyhd8ed1ab_0.conda
  sha256: 406001ebf017688b1a1554b49127ca3a4ac4626ec0fd51dc75ffa4415b720b64
  md5: 844d9eb3b43095b031874477f7d70088
  depends:
  - python >=3.8
  license: BSD-3-Clause
  license_family: BSD
  size: 105098
  timestamp: 1711811634025
- kind: conda
  name: pyopenssl
  version: 23.1.1
  build: pyhd8ed1ab_0
  subdir: noarch
  noarch: python
  url: https://conda.anaconda.org/conda-forge/noarch/pyopenssl-23.1.1-pyhd8ed1ab_0.conda
  sha256: 458428cb867f70f2af2a4ed59d382291ea3eb3f10490196070a15d1d71d5432a
  md5: 0b34aa3ab7e7ccb1765a03dd9ed29938
  depends:
  - cryptography >=38.0.0,<41
  - python >=3.6
  license: Apache-2.0
  license_family: Apache
  size: 128079
  timestamp: 1680037561734
- kind: conda
  name: pysocks
  version: 1.7.1
  build: pyha2e5f31_6
  build_number: 6
  subdir: noarch
  noarch: python
  url: https://conda.anaconda.org/conda-forge/noarch/pysocks-1.7.1-pyha2e5f31_6.tar.bz2
  sha256: a42f826e958a8d22e65b3394f437af7332610e43ee313393d1cf143f0a2d274b
  md5: 2a7de29fb590ca14b5243c4c812c8025
  depends:
  - __unix
  - python >=3.8
  license: BSD-3-Clause
  license_family: BSD
  size: 18981
  timestamp: 1661604969727
- kind: conda
  name: python
  version: 3.12.4
  build: h194c7f8_0_cpython
  subdir: linux-64
  url: https://conda.anaconda.org/conda-forge/linux-64/python-3.12.4-h194c7f8_0_cpython.conda
  sha256: 97a78631e6c928bf7ad78d52f7f070fcf3bd37619fa48dc4394c21cf3058cdee
  md5: d73490214f536cccb5819e9873048c92
  depends:
  - bzip2 >=1.0.8,<2.0a0
  - ld_impl_linux-64 >=2.36.1
  - libexpat >=2.6.2,<3.0a0
  - libffi >=3.4,<4.0a0
  - libgcc-ng >=12
  - libnsl >=2.0.1,<2.1.0a0
  - libsqlite >=3.46.0,<4.0a0
  - libuuid >=2.38.1,<3.0a0
  - libxcrypt >=4.4.36
  - libzlib >=1.3.1,<2.0a0
  - ncurses >=6.5,<7.0a0
  - openssl >=3.3.1,<4.0a0
  - readline >=8.2,<9.0a0
  - tk >=8.6.13,<8.7.0a0
  - tzdata
  - xz >=5.2.6,<6.0a0
  constrains:
  - python_abi 3.12.* *_cp312
  license: Python-2.0
  size: 32073625
  timestamp: 1718621771849
- kind: conda
  name: python-dateutil
  version: 2.8.2
  build: pyhd8ed1ab_0
  subdir: noarch
  noarch: python
  url: https://conda.anaconda.org/conda-forge/noarch/python-dateutil-2.8.2-pyhd8ed1ab_0.tar.bz2
  sha256: 54d7785c7678166aa45adeaccfc1d2b8c3c799ca2dc05d4a82bb39b1968bd7da
  md5: dd999d1cc9f79e67dbb855c8924c7984
  depends:
  - python >=3.6
  - six >=1.5
  license: Apache-2.0
  license_family: APACHE
  size: 245987
  timestamp: 1626286448716
- kind: conda
  name: python-duckdb
  version: 1.0.0
  build: py312hca68cad_0
  subdir: linux-64
  url: https://conda.anaconda.org/conda-forge/linux-64/python-duckdb-1.0.0-py312hca68cad_0.conda
  sha256: ee174c6bdf6f5b107d70326b687311ce8763f81a57c556573b15af47108d4ecc
  md5: c5a10575bfc53423fb57f5f707d5e99f
  depends:
  - __glibc >=2.17,<3.0.a0
  - libgcc-ng >=12
  - libstdcxx-ng >=12
  - python >=3.12,<3.13.0a0
  - python_abi 3.12.* *_cp312
  license: MIT
  license_family: MIT
  size: 22756666
  timestamp: 1717686555956
- kind: conda
  name: python_abi
  version: '3.12'
  build: 4_cp312
  build_number: 4
  subdir: linux-64
  url: https://conda.anaconda.org/conda-forge/linux-64/python_abi-3.12-4_cp312.conda
  sha256: 182a329de10a4165f6e8a3804caf751f918f6ea6176dd4e5abcdae1ed3095bf6
  md5: dccc2d142812964fcc6abdc97b672dff
  constrains:
  - python 3.12.* *_cpython
  license: BSD-3-Clause
  license_family: BSD
  size: 6385
  timestamp: 1695147396604
- kind: conda
  name: readline
  version: '8.2'
  build: h8228510_1
  build_number: 1
  subdir: linux-64
  url: https://conda.anaconda.org/conda-forge/linux-64/readline-8.2-h8228510_1.conda
  sha256: 5435cf39d039387fbdc977b0a762357ea909a7694d9528ab40f005e9208744d7
  md5: 47d31b792659ce70f470b5c82fdfb7a4
  depends:
  - libgcc-ng >=12
  - ncurses >=6.3,<7.0a0
  license: GPL-3.0-only
  license_family: GPL
  size: 281456
  timestamp: 1679532220005
- kind: conda
  name: ruamel.yaml
  version: 0.17.17
  build: py312h98912ed_2
  build_number: 2
  subdir: linux-64
  url: https://conda.anaconda.org/conda-forge/linux-64/ruamel.yaml-0.17.17-py312h98912ed_2.conda
  sha256: d5424b1db34b85dc06b542611e3a4d156eed02fe9978661a60a88ebbe369cecb
  md5: 236ce6061c6a4b660f00f6dc4293a424
  depends:
  - libgcc-ng >=12
  - python >=3.12,<3.13.0a0
  - python_abi 3.12.* *_cp312
  - ruamel.yaml.clib >=0.1.2
  - setuptools
  license: MIT
  license_family: MIT
  size: 251329
  timestamp: 1696586981988
- kind: conda
  name: ruamel.yaml.clib
  version: 0.2.7
  build: py312h98912ed_2
  build_number: 2
  subdir: linux-64
  url: https://conda.anaconda.org/conda-forge/linux-64/ruamel.yaml.clib-0.2.7-py312h98912ed_2.conda
  sha256: 79c06eba98ed5f2ef44b41140c0eba5bf263ddc556dce57017a9c748d377e3d0
  md5: 17591efb6a03e1dea6567cb15c619d1c
  depends:
  - libgcc-ng >=12
  - python >=3.12.0rc3,<3.13.0a0
  - python_abi 3.12.* *_cp312
  license: MIT
  license_family: MIT
  size: 134659
  timestamp: 1695996979046
- kind: conda
  name: s2n
  version: 1.4.16
  build: he19d79f_0
  subdir: linux-64
  url: https://conda.anaconda.org/conda-forge/linux-64/s2n-1.4.16-he19d79f_0.conda
  sha256: 8fb1e5eaf0e25b66be90d14caf87f3643451a0297bfdcbe376f3f49793bbbda4
  md5: de1cf82e46578faf7de8c23efe5d7be4
  depends:
  - libgcc-ng >=12
  - openssl >=3.3.1,<4.0a0
  license: Apache-2.0
  license_family: Apache
  size: 350091
  timestamp: 1717642456208
- kind: conda
  name: setuptools
  version: 71.0.4
  build: pyhd8ed1ab_0
  subdir: noarch
  noarch: python
  url: https://conda.anaconda.org/conda-forge/noarch/setuptools-71.0.4-pyhd8ed1ab_0.conda
  sha256: e1b5dd28d2ea2a7ad660fbc8d1f2ef682a2f8460f80240d836d62e56225ac680
  md5: ee78ac9c720d0d02fcfd420866b82ab1
  depends:
  - python >=3.8
  license: MIT
  license_family: MIT
  size: 1463254
  timestamp: 1721475299854
- kind: conda
  name: six
  version: 1.16.0
  build: pyh6c4a22f_0
  subdir: noarch
  noarch: python
  url: https://conda.anaconda.org/conda-forge/noarch/six-1.16.0-pyh6c4a22f_0.tar.bz2
  sha256: a85c38227b446f42c5b90d9b642f2c0567880c15d72492d8da074a59c8f91dd6
  md5: e5f25f8dbc060e9a8d912e432202afc2
  depends:
  - python
  license: MIT
  license_family: MIT
  size: 14259
  timestamp: 1620240338595
- kind: conda
  name: tk
  version: 8.6.13
  build: noxft_h4845f30_101
  build_number: 101
  subdir: linux-64
  url: https://conda.anaconda.org/conda-forge/linux-64/tk-8.6.13-noxft_h4845f30_101.conda
  sha256: e0569c9caa68bf476bead1bed3d79650bb080b532c64a4af7d8ca286c08dea4e
  md5: d453b98d9c83e71da0741bb0ff4d76bc
  depends:
  - libgcc-ng >=12
  - libzlib >=1.2.13,<2.0.0a0
  license: TCL
  license_family: BSD
  size: 3318875
  timestamp: 1699202167581
- kind: conda
  name: tzdata
  version: 2024a
  build: h0c530f3_0
  subdir: noarch
  noarch: generic
  url: https://conda.anaconda.org/conda-forge/noarch/tzdata-2024a-h0c530f3_0.conda
  sha256: 7b2b69c54ec62a243eb6fba2391b5e443421608c3ae5dbff938ad33ca8db5122
  md5: 161081fc7cec0bfda0d86d7cb595f8d8
  license: LicenseRef-Public-Domain
  size: 119815
  timestamp: 1706886945727
- kind: conda
  name: urllib3
  version: 1.26.19
  build: pyhd8ed1ab_0
  subdir: noarch
  noarch: python
  url: https://conda.anaconda.org/conda-forge/noarch/urllib3-1.26.19-pyhd8ed1ab_0.conda
  sha256: 543ebab5241418a4e0d4d9e356ef13e4361504810a067a01481660bb35eb5643
  md5: 6bb37c314b3cc1515dcf086ffe01c46e
  depends:
  - brotli-python >=1.0.9
  - pysocks >=1.5.6,<2.0,!=1.5.7
  - python >=3.7
  license: MIT
  license_family: MIT
  size: 115125
  timestamp: 1718728467518
- kind: conda
  name: wcwidth
  version: 0.2.13
  build: pyhd8ed1ab_0
  subdir: noarch
  noarch: python
  url: https://conda.anaconda.org/conda-forge/noarch/wcwidth-0.2.13-pyhd8ed1ab_0.conda
  sha256: b6cd2fee7e728e620ec736d8dfee29c6c9e2adbd4e695a31f1d8f834a83e57e3
  md5: 68f0738df502a14213624b288c60c9ad
  depends:
  - python >=3.8
  license: MIT
  license_family: MIT
  size: 32709
  timestamp: 1704731373922
- kind: conda
  name: xz
  version: 5.2.6
  build: h166bdaf_0
  subdir: linux-64
  url: https://conda.anaconda.org/conda-forge/linux-64/xz-5.2.6-h166bdaf_0.tar.bz2
  sha256: 03a6d28ded42af8a347345f82f3eebdd6807a08526d47899a42d62d319609162
  md5: 2161070d867d1b1204ea749c8eec4ef0
  depends:
  - libgcc-ng >=12
  license: LGPL-2.1 and GPL-2.0
  size: 418368
  timestamp: 1660346797927
